
Microsoft Visual Studio Solution File, Format Version 12.00
# Visual Studio 15
VisualStudioVersion = 15.0.26730.12
MinimumVisualStudioVersion = 10.0.40219.1
Project("{FAE04EC0-301F-11D3-BF4B-00C04F79EFBC}") = "ConsoleApp10", "ConsoleApp10\ConsoleApp10.csproj", "{21424E62-AAD9-4E14-B295-268AB103F14B}"
EndProject
Global
	GlobalSection(SolutionConfigurationPlatforms) = preSolution
		Debug|Any CPU = Debug|Any CPU
		Release|Any CPU = Release|Any CPU
	EndGlobalSection
	GlobalSection(ProjectConfigurationPlatforms) = postSolution
		{21424E62-AAD9-4E14-B295-268AB103F14B}.Debug|Any CPU.ActiveCfg = Debug|Any CPU
		{21424E62-AAD9-4E14-B295-268AB103F14B}.Debug|Any CPU.Build.0 = Debug|Any CPU
		{21424E62-AAD9-4E14-B295-268AB103F14B}.Release|Any CPU.ActiveCfg = Release|Any CPU
		{21424E62-AAD9-4E14-B295-268AB103F14B}.Release|Any CPU.Build.0 = Release|Any CPU
	EndGlobalSection
	GlobalSection(SolutionProperties) = preSolution
		HideSolutionNode = FALSE
	EndGlobalSection
	GlobalSection(ExtensibilityGlobals) = postSolution
		SolutionGuid = {45044FDB-9583-461E-934F-B0DDC221C5B0}
	EndGlobalSection
EndGlobal
